
Microsoft Visual Studio Solution File, Format Version 12.00
# Visual Studio Version 17
VisualStudioVersion = 17.11.35222.181
MinimumVisualStudioVersion = 10.0.40219.1
Project("{FAE04EC0-301F-11D3-BF4B-00C04F79EFBC}") = "MathLib", "..\MathLib\MathLib.csproj", "{EE1B9B71-BFEF-461B-BF7C-CB9D815CCCD6}"
EndProject
Project("{FAE04EC0-301F-11D3-BF4B-00C04F79EFBC}") = "UseLib", "..\UseLib\UseLib.csproj", "{AD330CFE-6BC8-4DC8-90C8-8FDFD23172E0}"
EndProject
Global
	GlobalSection(SolutionProperties) = preSolution
		HideSolutionNode = FALSE
	EndGlobalSection
	GlobalSection(ExtensibilityGlobals) = postSolution
		SolutionGuid = {F1BDEDFD-429F-4B13-A193-924BE73B3FED}
	EndGlobalSection
	GlobalSection(SolutionConfigurationPlatforms) = preSolution
		Debug|Any CPU = Debug|Any CPU
		Debug|x64 = Debug|x64
		Debug|x86 = Debug|x86
		Release|Any CPU = Release|Any CPU
		Release|x64 = Release|x64
		Release|x86 = Release|x86
	EndGlobalSection
	GlobalSection(ProjectConfigurationPlatforms) = postSolution
		{EE1B9B71-BFEF-461B-BF7C-CB9D815CCCD6}.Debug|Any CPU.ActiveCfg = Debug|Any CPU
		{EE1B9B71-BFEF-461B-BF7C-CB9D815CCCD6}.Debug|Any CPU.Build.0 = Debug|Any CPU
		{EE1B9B71-BFEF-461B-BF7C-CB9D815CCCD6}.Debug|x64.ActiveCfg = Debug|Any CPU
		{EE1B9B71-BFEF-461B-BF7C-CB9D815CCCD6}.Debug|x64.Build.0 = Debug|Any CPU
		{EE1B9B71-BFEF-461B-BF7C-CB9D815CCCD6}.Debug|x86.ActiveCfg = Debug|Any CPU
		{EE1B9B71-BFEF-461B-BF7C-CB9D815CCCD6}.Debug|x86.Build.0 = Debug|Any CPU
		{EE1B9B71-BFEF-461B-BF7C-CB9D815CCCD6}.Release|Any CPU.ActiveCfg = Release|Any CPU
		{EE1B9B71-BFEF-461B-BF7C-CB9D815CCCD6}.Release|Any CPU.Build.0 = Release|Any CPU
		{EE1B9B71-BFEF-461B-BF7C-CB9D815CCCD6}.Release|x64.ActiveCfg = Release|Any CPU
		{EE1B9B71-BFEF-461B-BF7C-CB9D815CCCD6}.Release|x64.Build.0 = Release|Any CPU
		{EE1B9B71-BFEF-461B-BF7C-CB9D815CCCD6}.Release|x86.ActiveCfg = Release|Any CPU
		{EE1B9B71-BFEF-461B-BF7C-CB9D815CCCD6}.Release|x86.Build.0 = Release|Any CPU
		{AD330CFE-6BC8-4DC8-90C8-8FDFD23172E0}.Debug|Any CPU.ActiveCfg = Debug|Any CPU
		{AD330CFE-6BC8-4DC8-90C8-8FDFD23172E0}.Debug|Any CPU.Build.0 = Debug|Any CPU
		{AD330CFE-6BC8-4DC8-90C8-8FDFD23172E0}.Debug|x64.ActiveCfg = Debug|Any CPU
		{AD330CFE-6BC8-4DC8-90C8-8FDFD23172E0}.Debug|x64.Build.0 = Debug|Any CPU
		{AD330CFE-6BC8-4DC8-90C8-8FDFD23172E0}.Debug|x86.ActiveCfg = Debug|Any CPU
		{AD330CFE-6BC8-4DC8-90C8-8FDFD23172E0}.Debug|x86.Build.0 = Debug|Any CPU
		{AD330CFE-6BC8-4DC8-90C8-8FDFD23172E0}.Release|Any CPU.ActiveCfg = Release|Any CPU
		{AD330CFE-6BC8-4DC8-90C8-8FDFD23172E0}.Release|Any CPU.Build.0 = Release|Any CPU
		{AD330CFE-6BC8-4DC8-90C8-8FDFD23172E0}.Release|x64.ActiveCfg = Release|Any CPU
		{AD330CFE-6BC8-4DC8-90C8-8FDFD23172E0}.Release|x64.Build.0 = Release|Any CPU
		{AD330CFE-6BC8-4DC8-90C8-8FDFD23172E0}.Release|x86.ActiveCfg = Release|Any CPU
		{AD330CFE-6BC8-4DC8-90C8-8FDFD23172E0}.Release|x86.Build.0 = Release|Any CPU
	EndGlobalSection
EndGlobal
