
Microsoft Visual Studio Solution File, Format Version 12.00
# Visual Studio Version 17
VisualStudioVersion = 17.11.35222.181
MinimumVisualStudioVersion = 10.0.40219.1
Project("{FAE04EC0-301F-11D3-BF4B-00C04F79EFBC}") = "RedisAPI", "RedisAPI\RedisAPI.csproj", "{51E4D051-8250-4C15-85CD-E0B610CD785F}"
EndProject
Project("{FAE04EC0-301F-11D3-BF4B-00C04F79EFBC}") = "DemoAPI", "DemoAPI\DemoAPI.csproj", "{10D8794E-4B72-4643-B3FC-7D6B0902A4CB}"
EndProject
Global
	GlobalSection(SolutionConfigurationPlatforms) = preSolution
		Debug|Any CPU = Debug|Any CPU
		Release|Any CPU = Release|Any CPU
	EndGlobalSection
	GlobalSection(ProjectConfigurationPlatforms) = postSolution
		{51E4D051-8250-4C15-85CD-E0B610CD785F}.Debug|Any CPU.ActiveCfg = Debug|Any CPU
		{51E4D051-8250-4C15-85CD-E0B610CD785F}.Debug|Any CPU.Build.0 = Debug|Any CPU
		{51E4D051-8250-4C15-85CD-E0B610CD785F}.Release|Any CPU.ActiveCfg = Release|Any CPU
		{51E4D051-8250-4C15-85CD-E0B610CD785F}.Release|Any CPU.Build.0 = Release|Any CPU
		{10D8794E-4B72-4643-B3FC-7D6B0902A4CB}.Debug|Any CPU.ActiveCfg = Debug|Any CPU
		{10D8794E-4B72-4643-B3FC-7D6B0902A4CB}.Debug|Any CPU.Build.0 = Debug|Any CPU
		{10D8794E-4B72-4643-B3FC-7D6B0902A4CB}.Release|Any CPU.ActiveCfg = Release|Any CPU
		{10D8794E-4B72-4643-B3FC-7D6B0902A4CB}.Release|Any CPU.Build.0 = Release|Any CPU
	EndGlobalSection
	GlobalSection(SolutionProperties) = preSolution
		HideSolutionNode = FALSE
	EndGlobalSection
	GlobalSection(ExtensibilityGlobals) = postSolution
		SolutionGuid = {3881E537-5457-40CB-905A-C346C515288D}
	EndGlobalSection
EndGlobal
